
Microsoft Visual Studio Solution File, Format Version 12.00
# Visual Studio Version 16
VisualStudioVersion = 16.0.32602.291
MinimumVisualStudioVersion = 10.0.40219.1
Project("{FAE04EC0-301F-11D3-BF4B-00C04F79EFBC}") = "Serializacja", "Serializacja.csproj", "{8BAC0B08-DA09-45AD-A53F-93B6F996F576}"
EndProject
Global
	GlobalSection(SolutionConfigurationPlatforms) = preSolution
		Debug|Any CPU = Debug|Any CPU
		Release|Any CPU = Release|Any CPU
	EndGlobalSection
	GlobalSection(ProjectConfigurationPlatforms) = postSolution
		{8BAC0B08-DA09-45AD-A53F-93B6F996F576}.Debug|Any CPU.ActiveCfg = Debug|Any CPU
		{8BAC0B08-DA09-45AD-A53F-93B6F996F576}.Debug|Any CPU.Build.0 = Debug|Any CPU
		{8BAC0B08-DA09-45AD-A53F-93B6F996F576}.Release|Any CPU.ActiveCfg = Release|Any CPU
		{8BAC0B08-DA09-45AD-A53F-93B6F996F576}.Release|Any CPU.Build.0 = Release|Any CPU
	EndGlobalSection
	GlobalSection(SolutionProperties) = preSolution
		HideSolutionNode = FALSE
	EndGlobalSection
	GlobalSection(ExtensibilityGlobals) = postSolution
		SolutionGuid = {378C4B49-655B-43AA-BDEE-FEF4C8EADC35}
	EndGlobalSection
EndGlobal
